
Microsoft Visual Studio Solution File, Format Version 11.00
# Visual Studio 2010
Project("{FAE04EC0-301F-11D3-BF4B-00C04F79EFBC}") = "UnityEngine.TestRunner", "UnityEngine.TestRunner.csproj", "{71B910BA-6F87-CC18-6BD7-4698C7401C0E}"
EndProject
Project("{FAE04EC0-301F-11D3-BF4B-00C04F79EFBC}") = "Unity.Postprocessing.Runtime", "Unity.Postprocessing.Runtime.csproj", "{3DF7600D-AF2D-5376-6089-E68B03AFF181}"
EndProject
Project("{FAE04EC0-301F-11D3-BF4B-00C04F79EFBC}") = "UnityEngine.Purchasing.Stores", "UnityEngine.Purchasing.Stores.csproj", "{0EFDE99C-F9A4-AEB6-3552-AB5FE050872F}"
EndProject
Project("{FAE04EC0-301F-11D3-BF4B-00C04F79EFBC}") = "UnityEngine.UI", "UnityEngine.UI.csproj", "{2A786EB3-45D1-33D6-402A-E4B038AD02B6}"
EndProject
Project("{FAE04EC0-301F-11D3-BF4B-00C04F79EFBC}") = "com.unity.multiplayer-hlapi.Runtime", "com.unity.multiplayer-hlapi.Runtime.csproj", "{C8D56F3E-9E4C-1C7F-46EA-F5647A431498}"
EndProject
Project("{FAE04EC0-301F-11D3-BF4B-00C04F79EFBC}") = "Unity.TextMeshPro", "Unity.TextMeshPro.csproj", "{B1C8410B-01ED-D3E3-2E92-EEF629BEC8B1}"
EndProject
Project("{FAE04EC0-301F-11D3-BF4B-00C04F79EFBC}") = "Assembly-CSharp", "Assembly-CSharp.csproj", "{8FFDA8A8-6C50-AE44-47A9-07076B20517D}"
EndProject
Project("{FAE04EC0-301F-11D3-BF4B-00C04F79EFBC}") = "Unity.Timeline", "Unity.Timeline.csproj", "{EBAD4036-4057-2DED-D4E0-7979AE291BF6}"
EndProject
Project("{FAE04EC0-301F-11D3-BF4B-00C04F79EFBC}") = "UnityEngine.Advertisements", "UnityEngine.Advertisements.csproj", "{8E059F41-EEA9-E9D5-46F9-83C530CDD2E4}"
EndProject
Project("{FAE04EC0-301F-11D3-BF4B-00C04F79EFBC}") = "UnityEngine.Purchasing", "UnityEngine.Purchasing.csproj", "{2786079B-8519-688E-1424-BD5FA9097476}"
EndProject
Project("{FAE04EC0-301F-11D3-BF4B-00C04F79EFBC}") = "Unity.Analytics.DataPrivacy", "Unity.Analytics.DataPrivacy.csproj", "{2135F3F0-68E2-2AC7-33EF-071FD4229A0A}"
EndProject
Project("{FAE04EC0-301F-11D3-BF4B-00C04F79EFBC}") = "UnityEngine.Purchasing.Codeless", "UnityEngine.Purchasing.Codeless.csproj", "{3ECA4E77-9441-8A2F-C083-6B7B790B73AF}"
EndProject
Project("{FAE04EC0-301F-11D3-BF4B-00C04F79EFBC}") = "UnityEngine.Monetization", "UnityEngine.Monetization.csproj", "{B639CFB1-E653-5432-99E1-50C19D8001F0}"
EndProject
Project("{FAE04EC0-301F-11D3-BF4B-00C04F79EFBC}") = "UnityEngine.XR.LegacyInputHelpers", "UnityEngine.XR.LegacyInputHelpers.csproj", "{E27AD06E-9218-660C-123C-FA972628383A}"
EndProject
Project("{FAE04EC0-301F-11D3-BF4B-00C04F79EFBC}") = "Purchasing.Common", "Purchasing.Common.csproj", "{8D9FD91D-3860-F8AD-B722-960635DCB5AF}"
EndProject
Project("{FAE04EC0-301F-11D3-BF4B-00C04F79EFBC}") = "UnityEngine.Purchasing.WinRTCore", "UnityEngine.Purchasing.WinRTCore.csproj", "{767145F0-6B05-29A3-2880-635F258957B0}"
EndProject
Project("{FAE04EC0-301F-11D3-BF4B-00C04F79EFBC}") = "UnityEngine.SpatialTracking", "UnityEngine.SpatialTracking.csproj", "{99127786-74CB-C33B-627A-45ADAC8C349F}"
EndProject
Project("{FAE04EC0-301F-11D3-BF4B-00C04F79EFBC}") = "Unity.2D.PixelPerfect", "Unity.2D.PixelPerfect.csproj", "{C4C4A623-5F7D-8E12-3EC7-17D69AA18FA2}"
EndProject
Project("{FAE04EC0-301F-11D3-BF4B-00C04F79EFBC}") = "UnityEngine.Purchasing.SecurityStub", "UnityEngine.Purchasing.SecurityStub.csproj", "{03BC9A74-8AAF-AB2A-62AF-CCEE2C57EE30}"
EndProject
Project("{FAE04EC0-301F-11D3-BF4B-00C04F79EFBC}") = "UnityEngine.Purchasing.AppleCore", "UnityEngine.Purchasing.AppleCore.csproj", "{12139C59-3571-1CF4-77D3-CFCC0BFEA7C1}"
EndProject
Project("{FAE04EC0-301F-11D3-BF4B-00C04F79EFBC}") = "UnityEngine.Purchasing.SecurityCore", "UnityEngine.Purchasing.SecurityCore.csproj", "{FD616E92-B35C-7530-CEEF-8EC2B6258DED}"
EndProject
Project("{FAE04EC0-301F-11D3-BF4B-00C04F79EFBC}") = "UnityEngine.Purchasing.AppleStub", "UnityEngine.Purchasing.AppleStub.csproj", "{242FAE62-6C7E-3342-0E80-62DC28CAA19A}"
EndProject
Project("{FAE04EC0-301F-11D3-BF4B-00C04F79EFBC}") = "UnityEngine.Purchasing.WinRTStub", "UnityEngine.Purchasing.WinRTStub.csproj", "{C63914C2-99F6-7A9F-FF55-19C03E66703E}"
EndProject
Project("{FAE04EC0-301F-11D3-BF4B-00C04F79EFBC}") = "UnityEngine.Purchasing.AppleMacosStub", "UnityEngine.Purchasing.AppleMacosStub.csproj", "{07D5F61C-61D4-1C48-7A76-98F527D7B34B}"
EndProject
Project("{FAE04EC0-301F-11D3-BF4B-00C04F79EFBC}") = "UnityEditor.TestRunner", "UnityEditor.TestRunner.csproj", "{26B2D23D-2033-B07F-2294-C68749208177}"
EndProject
Project("{FAE04EC0-301F-11D3-BF4B-00C04F79EFBC}") = "Unity.VisualStudio.Editor", "Unity.VisualStudio.Editor.csproj", "{46734817-5E17-57F3-F663-AFE49EC33EFB}"
EndProject
Project("{FAE04EC0-301F-11D3-BF4B-00C04F79EFBC}") = "Unity.TextMeshPro.Editor", "Unity.TextMeshPro.Editor.csproj", "{49909508-A795-E234-168C-75DD632354F1}"
EndProject
Project("{FAE04EC0-301F-11D3-BF4B-00C04F79EFBC}") = "Unity.Timeline.Editor", "Unity.Timeline.Editor.csproj", "{64BCDF5B-CA40-8FF9-9E8C-E5212CB1217E}"
EndProject
Project("{FAE04EC0-301F-11D3-BF4B-00C04F79EFBC}") = "Unity.PlasticSCM.Editor", "Unity.PlasticSCM.Editor.csproj", "{27DFE9A2-6110-12FF-9B19-D63EF5748D7C}"
EndProject
Project("{FAE04EC0-301F-11D3-BF4B-00C04F79EFBC}") = "Unity.2D.Sprite.Editor", "Unity.2D.Sprite.Editor.csproj", "{6DF075BA-BEA5-7512-F889-6FD86E9D4ACD}"
EndProject
Project("{FAE04EC0-301F-11D3-BF4B-00C04F79EFBC}") = "com.unity.multiplayer-hlapi.Editor", "com.unity.multiplayer-hlapi.Editor.csproj", "{08DC3353-2087-E188-51E3-362122ACEDA1}"
EndProject
Project("{FAE04EC0-301F-11D3-BF4B-00C04F79EFBC}") = "UnityEditor.UI", "UnityEditor.UI.csproj", "{E3BF48F6-1220-2C32-BF28-33478ADC8DBC}"
EndProject
Project("{FAE04EC0-301F-11D3-BF4B-00C04F79EFBC}") = "Unity.Rider.Editor", "Unity.Rider.Editor.csproj", "{EC7C40F5-13E5-DE1B-216C-B04886427F9F}"
EndProject
Project("{FAE04EC0-301F-11D3-BF4B-00C04F79EFBC}") = "Unity.2D.Tilemap.Editor", "Unity.2D.Tilemap.Editor.csproj", "{867BF4AD-77B2-F445-F5CF-F98AD78AB72D}"
EndProject
Project("{FAE04EC0-301F-11D3-BF4B-00C04F79EFBC}") = "UnityEngine.Advertisements.Editor", "UnityEngine.Advertisements.Editor.csproj", "{16334A61-7FEE-4EF3-EFB4-04CEF19BAB77}"
EndProject
Project("{FAE04EC0-301F-11D3-BF4B-00C04F79EFBC}") = "UnityEngine.Advertisements.DevX.Editor", "UnityEngine.Advertisements.DevX.Editor.csproj", "{10D3A0DA-49A4-49A0-3E37-974C3EB08DAE}"
EndProject
Project("{FAE04EC0-301F-11D3-BF4B-00C04F79EFBC}") = "UnityEditor.XR.LegacyInputHelpers", "UnityEditor.XR.LegacyInputHelpers.csproj", "{BE9A5B75-519E-AED6-25C7-629EDB754EA0}"
EndProject
Project("{FAE04EC0-301F-11D3-BF4B-00C04F79EFBC}") = "Unity.Postprocessing.Editor", "Unity.Postprocessing.Editor.csproj", "{D7CB6702-F7DE-6920-5C6A-6511FB9F51C9}"
EndProject
Project("{FAE04EC0-301F-11D3-BF4B-00C04F79EFBC}") = "Unity.CollabProxy.Editor", "Unity.CollabProxy.Editor.csproj", "{F1D1D224-4EF8-2D7A-D1F7-0E03DBD15EAA}"
EndProject
Project("{FAE04EC0-301F-11D3-BF4B-00C04F79EFBC}") = "UnityEditor.Purchasing", "UnityEditor.Purchasing.csproj", "{651440FF-D4C3-EE7A-20DD-7C5B46FCAF23}"
EndProject
Project("{FAE04EC0-301F-11D3-BF4B-00C04F79EFBC}") = "com.unity.multiplayer-weaver.Editor", "com.unity.multiplayer-weaver.Editor.csproj", "{41288F78-1B5F-95A7-AC6A-D05E6B31318B}"
EndProject
Project("{FAE04EC0-301F-11D3-BF4B-00C04F79EFBC}") = "Unity.VSCode.Editor", "Unity.VSCode.Editor.csproj", "{8DCC3F4B-C2E9-6834-62E4-8B3314C25B12}"
EndProject
Project("{FAE04EC0-301F-11D3-BF4B-00C04F79EFBC}") = "Unity.2D.PixelPerfect.Editor", "Unity.2D.PixelPerfect.Editor.csproj", "{6D4FA811-7C8E-26D2-ADE5-86BB6737E144}"
EndProject
Project("{FAE04EC0-301F-11D3-BF4B-00C04F79EFBC}") = "UnityEditor.SpatialTracking", "UnityEditor.SpatialTracking.csproj", "{F11AA694-B171-1A37-532D-17163091148A}"
EndProject
Global
	GlobalSection(SolutionConfigurationPlatforms) = preSolution
		Debug|Any CPU = Debug|Any CPU
		Release|Any CPU = Release|Any CPU
	EndGlobalSection
	GlobalSection(ProjectConfigurationPlatforms) = postSolution
		{71B910BA-6F87-CC18-6BD7-4698C7401C0E}.Debug|Any CPU.ActiveCfg = Debug|Any CPU
		{71B910BA-6F87-CC18-6BD7-4698C7401C0E}.Debug|Any CPU.Build.0 = Debug|Any CPU
		{71B910BA-6F87-CC18-6BD7-4698C7401C0E}.Release|Any CPU.ActiveCfg = Release|Any CPU
		{71B910BA-6F87-CC18-6BD7-4698C7401C0E}.Release|Any CPU.Build.0 = Release|Any CPU
		{3DF7600D-AF2D-5376-6089-E68B03AFF181}.Debug|Any CPU.ActiveCfg = Debug|Any CPU
		{3DF7600D-AF2D-5376-6089-E68B03AFF181}.Debug|Any CPU.Build.0 = Debug|Any CPU
		{3DF7600D-AF2D-5376-6089-E68B03AFF181}.Release|Any CPU.ActiveCfg = Release|Any CPU
		{3DF7600D-AF2D-5376-6089-E68B03AFF181}.Release|Any CPU.Build.0 = Release|Any CPU
		{0EFDE99C-F9A4-AEB6-3552-AB5FE050872F}.Debug|Any CPU.ActiveCfg = Debug|Any CPU
		{0EFDE99C-F9A4-AEB6-3552-AB5FE050872F}.Debug|Any CPU.Build.0 = Debug|Any CPU
		{0EFDE99C-F9A4-AEB6-3552-AB5FE050872F}.Release|Any CPU.ActiveCfg = Release|Any CPU
		{0EFDE99C-F9A4-AEB6-3552-AB5FE050872F}.Release|Any CPU.Build.0 = Release|Any CPU
		{2A786EB3-45D1-33D6-402A-E4B038AD02B6}.Debug|Any CPU.ActiveCfg = Debug|Any CPU
		{2A786EB3-45D1-33D6-402A-E4B038AD02B6}.Debug|Any CPU.Build.0 = Debug|Any CPU
		{2A786EB3-45D1-33D6-402A-E4B038AD02B6}.Release|Any CPU.ActiveCfg = Release|Any CPU
		{2A786EB3-45D1-33D6-402A-E4B038AD02B6}.Release|Any CPU.Build.0 = Release|Any CPU
		{C8D56F3E-9E4C-1C7F-46EA-F5647A431498}.Debug|Any CPU.ActiveCfg = Debug|Any CPU
		{C8D56F3E-9E4C-1C7F-46EA-F5647A431498}.Debug|Any CPU.Build.0 = Debug|Any CPU
		{C8D56F3E-9E4C-1C7F-46EA-F5647A431498}.Release|Any CPU.ActiveCfg = Release|Any CPU
		{C8D56F3E-9E4C-1C7F-46EA-F5647A431498}.Release|Any CPU.Build.0 = Release|Any CPU
		{B1C8410B-01ED-D3E3-2E92-EEF629BEC8B1}.Debug|Any CPU.ActiveCfg = Debug|Any CPU
		{B1C8410B-01ED-D3E3-2E92-EEF629BEC8B1}.Debug|Any CPU.Build.0 = Debug|Any CPU
		{B1C8410B-01ED-D3E3-2E92-EEF629BEC8B1}.Release|Any CPU.ActiveCfg = Release|Any CPU
		{B1C8410B-01ED-D3E3-2E92-EEF629BEC8B1}.Release|Any CPU.Build.0 = Release|Any CPU
		{8FFDA8A8-6C50-AE44-47A9-07076B20517D}.Debug|Any CPU.ActiveCfg = Debug|Any CPU
		{8FFDA8A8-6C50-AE44-47A9-07076B20517D}.Debug|Any CPU.Build.0 = Debug|Any CPU
		{8FFDA8A8-6C50-AE44-47A9-07076B20517D}.Release|Any CPU.ActiveCfg = Release|Any CPU
		{8FFDA8A8-6C50-AE44-47A9-07076B20517D}.Release|Any CPU.Build.0 = Release|Any CPU
		{EBAD4036-4057-2DED-D4E0-7979AE291BF6}.Debug|Any CPU.ActiveCfg = Debug|Any CPU
		{EBAD4036-4057-2DED-D4E0-7979AE291BF6}.Debug|Any CPU.Build.0 = Debug|Any CPU
		{EBAD4036-4057-2DED-D4E0-7979AE291BF6}.Release|Any CPU.ActiveCfg = Release|Any CPU
		{EBAD4036-4057-2DED-D4E0-7979AE291BF6}.Release|Any CPU.Build.0 = Release|Any CPU
		{8E059F41-EEA9-E9D5-46F9-83C530CDD2E4}.Debug|Any CPU.ActiveCfg = Debug|Any CPU
		{8E059F41-EEA9-E9D5-46F9-83C530CDD2E4}.Debug|Any CPU.Build.0 = Debug|Any CPU
		{8E059F41-EEA9-E9D5-46F9-83C530CDD2E4}.Release|Any CPU.ActiveCfg = Release|Any CPU
		{8E059F41-EEA9-E9D5-46F9-83C530CDD2E4}.Release|Any CPU.Build.0 = Release|Any CPU
		{2786079B-8519-688E-1424-BD5FA9097476}.Debug|Any CPU.ActiveCfg = Debug|Any CPU
		{2786079B-8519-688E-1424-BD5FA9097476}.Debug|Any CPU.Build.0 = Debug|Any CPU
		{2786079B-8519-688E-1424-BD5FA9097476}.Release|Any CPU.ActiveCfg = Release|Any CPU
		{2786079B-8519-688E-1424-BD5FA9097476}.Release|Any CPU.Build.0 = Release|Any CPU
		{2135F3F0-68E2-2AC7-33EF-071FD4229A0A}.Debug|Any CPU.ActiveCfg = Debug|Any CPU
		{2135F3F0-68E2-2AC7-33EF-071FD4229A0A}.Debug|Any CPU.Build.0 = Debug|Any CPU
		{2135F3F0-68E2-2AC7-33EF-071FD4229A0A}.Release|Any CPU.ActiveCfg = Release|Any CPU
		{2135F3F0-68E2-2AC7-33EF-071FD4229A0A}.Release|Any CPU.Build.0 = Release|Any CPU
		{3ECA4E77-9441-8A2F-C083-6B7B790B73AF}.Debug|Any CPU.ActiveCfg = Debug|Any CPU
		{3ECA4E77-9441-8A2F-C083-6B7B790B73AF}.Debug|Any CPU.Build.0 = Debug|Any CPU
		{3ECA4E77-9441-8A2F-C083-6B7B790B73AF}.Release|Any CPU.ActiveCfg = Release|Any CPU
		{3ECA4E77-9441-8A2F-C083-6B7B790B73AF}.Release|Any CPU.Build.0 = Release|Any CPU
		{B639CFB1-E653-5432-99E1-50C19D8001F0}.Debug|Any CPU.ActiveCfg = Debug|Any CPU
		{B639CFB1-E653-5432-99E1-50C19D8001F0}.Debug|Any CPU.Build.0 = Debug|Any CPU
		{B639CFB1-E653-5432-99E1-50C19D8001F0}.Release|Any CPU.ActiveCfg = Release|Any CPU
		{B639CFB1-E653-5432-99E1-50C19D8001F0}.Release|Any CPU.Build.0 = Release|Any CPU
		{E27AD06E-9218-660C-123C-FA972628383A}.Debug|Any CPU.ActiveCfg = Debug|Any CPU
		{E27AD06E-9218-660C-123C-FA972628383A}.Debug|Any CPU.Build.0 = Debug|Any CPU
		{E27AD06E-9218-660C-123C-FA972628383A}.Release|Any CPU.ActiveCfg = Release|Any CPU
		{E27AD06E-9218-660C-123C-FA972628383A}.Release|Any CPU.Build.0 = Release|Any CPU
		{8D9FD91D-3860-F8AD-B722-960635DCB5AF}.Debug|Any CPU.ActiveCfg = Debug|Any CPU
		{8D9FD91D-3860-F8AD-B722-960635DCB5AF}.Debug|Any CPU.Build.0 = Debug|Any CPU
		{8D9FD91D-3860-F8AD-B722-960635DCB5AF}.Release|Any CPU.ActiveCfg = Release|Any CPU
		{8D9FD91D-3860-F8AD-B722-960635DCB5AF}.Release|Any CPU.Build.0 = Release|Any CPU
		{767145F0-6B05-29A3-2880-635F258957B0}.Debug|Any CPU.ActiveCfg = Debug|Any CPU
		{767145F0-6B05-29A3-2880-635F258957B0}.Debug|Any CPU.Build.0 = Debug|Any CPU
		{767145F0-6B05-29A3-2880-635F258957B0}.Release|Any CPU.ActiveCfg = Release|Any CPU
		{767145F0-6B05-29A3-2880-635F258957B0}.Release|Any CPU.Build.0 = Release|Any CPU
		{99127786-74CB-C33B-627A-45ADAC8C349F}.Debug|Any CPU.ActiveCfg = Debug|Any CPU
		{99127786-74CB-C33B-627A-45ADAC8C349F}.Debug|Any CPU.Build.0 = Debug|Any CPU
		{99127786-74CB-C33B-627A-45ADAC8C349F}.Release|Any CPU.ActiveCfg = Release|Any CPU
		{99127786-74CB-C33B-627A-45ADAC8C349F}.Release|Any CPU.Build.0 = Release|Any CPU
		{C4C4A623-5F7D-8E12-3EC7-17D69AA18FA2}.Debug|Any CPU.ActiveCfg = Debug|Any CPU
		{C4C4A623-5F7D-8E12-3EC7-17D69AA18FA2}.Debug|Any CPU.Build.0 = Debug|Any CPU
		{C4C4A623-5F7D-8E12-3EC7-17D69AA18FA2}.Release|Any CPU.ActiveCfg = Release|Any CPU
		{C4C4A623-5F7D-8E12-3EC7-17D69AA18FA2}.Release|Any CPU.Build.0 = Release|Any CPU
		{03BC9A74-8AAF-AB2A-62AF-CCEE2C57EE30}.Debug|Any CPU.ActiveCfg = Debug|Any CPU
		{03BC9A74-8AAF-AB2A-62AF-CCEE2C57EE30}.Debug|Any CPU.Build.0 = Debug|Any CPU
		{03BC9A74-8AAF-AB2A-62AF-CCEE2C57EE30}.Release|Any CPU.ActiveCfg = Release|Any CPU
		{03BC9A74-8AAF-AB2A-62AF-CCEE2C57EE30}.Release|Any CPU.Build.0 = Release|Any CPU
		{12139C59-3571-1CF4-77D3-CFCC0BFEA7C1}.Debug|Any CPU.ActiveCfg = Debug|Any CPU
		{12139C59-3571-1CF4-77D3-CFCC0BFEA7C1}.Debug|Any CPU.Build.0 = Debug|Any CPU
		{12139C59-3571-1CF4-77D3-CFCC0BFEA7C1}.Release|Any CPU.ActiveCfg = Release|Any CPU
		{12139C59-3571-1CF4-77D3-CFCC0BFEA7C1}.Release|Any CPU.Build.0 = Release|Any CPU
		{FD616E92-B35C-7530-CEEF-8EC2B6258DED}.Debug|Any CPU.ActiveCfg = Debug|Any CPU
		{FD616E92-B35C-7530-CEEF-8EC2B6258DED}.Debug|Any CPU.Build.0 = Debug|Any CPU
		{FD616E92-B35C-7530-CEEF-8EC2B6258DED}.Release|Any CPU.ActiveCfg = Release|Any CPU
		{FD616E92-B35C-7530-CEEF-8EC2B6258DED}.Release|Any CPU.Build.0 = Release|Any CPU
		{242FAE62-6C7E-3342-0E80-62DC28CAA19A}.Debug|Any CPU.ActiveCfg = Debug|Any CPU
		{242FAE62-6C7E-3342-0E80-62DC28CAA19A}.Debug|Any CPU.Build.0 = Debug|Any CPU
		{242FAE62-6C7E-3342-0E80-62DC28CAA19A}.Release|Any CPU.ActiveCfg = Release|Any CPU
		{242FAE62-6C7E-3342-0E80-62DC28CAA19A}.Release|Any CPU.Build.0 = Release|Any CPU
		{C63914C2-99F6-7A9F-FF55-19C03E66703E}.Debug|Any CPU.ActiveCfg = Debug|Any CPU
		{C63914C2-99F6-7A9F-FF55-19C03E66703E}.Debug|Any CPU.Build.0 = Debug|Any CPU
		{C63914C2-99F6-7A9F-FF55-19C03E66703E}.Release|Any CPU.ActiveCfg = Release|Any CPU
		{C63914C2-99F6-7A9F-FF55-19C03E66703E}.Release|Any CPU.Build.0 = Release|Any CPU
		{07D5F61C-61D4-1C48-7A76-98F527D7B34B}.Debug|Any CPU.ActiveCfg = Debug|Any CPU
		{07D5F61C-61D4-1C48-7A76-98F527D7B34B}.Debug|Any CPU.Build.0 = Debug|Any CPU
		{07D5F61C-61D4-1C48-7A76-98F527D7B34B}.Release|Any CPU.ActiveCfg = Release|Any CPU
		{07D5F61C-61D4-1C48-7A76-98F527D7B34B}.Release|Any CPU.Build.0 = Release|Any CPU
		{26B2D23D-2033-B07F-2294-C68749208177}.Debug|Any CPU.ActiveCfg = Debug|Any CPU
		{26B2D23D-2033-B07F-2294-C68749208177}.Debug|Any CPU.Build.0 = Debug|Any CPU
		{26B2D23D-2033-B07F-2294-C68749208177}.Release|Any CPU.ActiveCfg = Release|Any CPU
		{26B2D23D-2033-B07F-2294-C68749208177}.Release|Any CPU.Build.0 = Release|Any CPU
		{46734817-5E17-57F3-F663-AFE49EC33EFB}.Debug|Any CPU.ActiveCfg = Debug|Any CPU
		{46734817-5E17-57F3-F663-AFE49EC33EFB}.Debug|Any CPU.Build.0 = Debug|Any CPU
		{46734817-5E17-57F3-F663-AFE49EC33EFB}.Release|Any CPU.ActiveCfg = Release|Any CPU
		{46734817-5E17-57F3-F663-AFE49EC33EFB}.Release|Any CPU.Build.0 = Release|Any CPU
		{49909508-A795-E234-168C-75DD632354F1}.Debug|Any CPU.ActiveCfg = Debug|Any CPU
		{49909508-A795-E234-168C-75DD632354F1}.Debug|Any CPU.Build.0 = Debug|Any CPU
		{49909508-A795-E234-168C-75DD632354F1}.Release|Any CPU.ActiveCfg = Release|Any CPU
		{49909508-A795-E234-168C-75DD632354F1}.Release|Any CPU.Build.0 = Release|Any CPU
		{64BCDF5B-CA40-8FF9-9E8C-E5212CB1217E}.Debug|Any CPU.ActiveCfg = Debug|Any CPU
		{64BCDF5B-CA40-8FF9-9E8C-E5212CB1217E}.Debug|Any CPU.Build.0 = Debug|Any CPU
		{64BCDF5B-CA40-8FF9-9E8C-E5212CB1217E}.Release|Any CPU.ActiveCfg = Release|Any CPU
		{64BCDF5B-CA40-8FF9-9E8C-E5212CB1217E}.Release|Any CPU.Build.0 = Release|Any CPU
		{27DFE9A2-6110-12FF-9B19-D63EF5748D7C}.Debug|Any CPU.ActiveCfg = Debug|Any CPU
		{27DFE9A2-6110-12FF-9B19-D63EF5748D7C}.Debug|Any CPU.Build.0 = Debug|Any CPU
		{27DFE9A2-6110-12FF-9B19-D63EF5748D7C}.Release|Any CPU.ActiveCfg = Release|Any CPU
		{27DFE9A2-6110-12FF-9B19-D63EF5748D7C}.Release|Any CPU.Build.0 = Release|Any CPU
		{6DF075BA-BEA5-7512-F889-6FD86E9D4ACD}.Debug|Any CPU.ActiveCfg = Debug|Any CPU
		{6DF075BA-BEA5-7512-F889-6FD86E9D4ACD}.Debug|Any CPU.Build.0 = Debug|Any CPU
		{6DF075BA-BEA5-7512-F889-6FD86E9D4ACD}.Release|Any CPU.ActiveCfg = Release|Any CPU
		{6DF075BA-BEA5-7512-F889-6FD86E9D4ACD}.Release|Any CPU.Build.0 = Release|Any CPU
		{08DC3353-2087-E188-51E3-362122ACEDA1}.Debug|Any CPU.ActiveCfg = Debug|Any CPU
		{08DC3353-2087-E188-51E3-362122ACEDA1}.Debug|Any CPU.Build.0 = Debug|Any CPU
		{08DC3353-2087-E188-51E3-362122ACEDA1}.Release|Any CPU.ActiveCfg = Release|Any CPU
		{08DC3353-2087-E188-51E3-362122ACEDA1}.Release|Any CPU.Build.0 = Release|Any CPU
		{E3BF48F6-1220-2C32-BF28-33478ADC8DBC}.Debug|Any CPU.ActiveCfg = Debug|Any CPU
		{E3BF48F6-1220-2C32-BF28-33478ADC8DBC}.Debug|Any CPU.Build.0 = Debug|Any CPU
		{E3BF48F6-1220-2C32-BF28-33478ADC8DBC}.Release|Any CPU.ActiveCfg = Release|Any CPU
		{E3BF48F6-1220-2C32-BF28-33478ADC8DBC}.Release|Any CPU.Build.0 = Release|Any CPU
		{EC7C40F5-13E5-DE1B-216C-B04886427F9F}.Debug|Any CPU.ActiveCfg = Debug|Any CPU
		{EC7C40F5-13E5-DE1B-216C-B04886427F9F}.Debug|Any CPU.Build.0 = Debug|Any CPU
		{EC7C40F5-13E5-DE1B-216C-B04886427F9F}.Release|Any CPU.ActiveCfg = Release|Any CPU
		{EC7C40F5-13E5-DE1B-216C-B04886427F9F}.Release|Any CPU.Build.0 = Release|Any CPU
		{867BF4AD-77B2-F445-F5CF-F98AD78AB72D}.Debug|Any CPU.ActiveCfg = Debug|Any CPU
		{867BF4AD-77B2-F445-F5CF-F98AD78AB72D}.Debug|Any CPU.Build.0 = Debug|Any CPU
		{867BF4AD-77B2-F445-F5CF-F98AD78AB72D}.Release|Any CPU.ActiveCfg = Release|Any CPU
		{867BF4AD-77B2-F445-F5CF-F98AD78AB72D}.Release|Any CPU.Build.0 = Release|Any CPU
		{16334A61-7FEE-4EF3-EFB4-04CEF19BAB77}.Debug|Any CPU.ActiveCfg = Debug|Any CPU
		{16334A61-7FEE-4EF3-EFB4-04CEF19BAB77}.Debug|Any CPU.Build.0 = Debug|Any CPU
		{16334A61-7FEE-4EF3-EFB4-04CEF19BAB77}.Release|Any CPU.ActiveCfg = Release|Any CPU
		{16334A61-7FEE-4EF3-EFB4-04CEF19BAB77}.Release|Any CPU.Build.0 = Release|Any CPU
		{10D3A0DA-49A4-49A0-3E37-974C3EB08DAE}.Debug|Any CPU.ActiveCfg = Debug|Any CPU
		{10D3A0DA-49A4-49A0-3E37-974C3EB08DAE}.Debug|Any CPU.Build.0 = Debug|Any CPU
		{10D3A0DA-49A4-49A0-3E37-974C3EB08DAE}.Release|Any CPU.ActiveCfg = Release|Any CPU
		{10D3A0DA-49A4-49A0-3E37-974C3EB08DAE}.Release|Any CPU.Build.0 = Release|Any CPU
		{BE9A5B75-519E-AED6-25C7-629EDB754EA0}.Debug|Any CPU.ActiveCfg = Debug|Any CPU
		{BE9A5B75-519E-AED6-25C7-629EDB754EA0}.Debug|Any CPU.Build.0 = Debug|Any CPU
		{BE9A5B75-519E-AED6-25C7-629EDB754EA0}.Release|Any CPU.ActiveCfg = Release|Any CPU
		{BE9A5B75-519E-AED6-25C7-629EDB754EA0}.Release|Any CPU.Build.0 = Release|Any CPU
		{D7CB6702-F7DE-6920-5C6A-6511FB9F51C9}.Debug|Any CPU.ActiveCfg = Debug|Any CPU
		{D7CB6702-F7DE-6920-5C6A-6511FB9F51C9}.Debug|Any CPU.Build.0 = Debug|Any CPU
		{D7CB6702-F7DE-6920-5C6A-6511FB9F51C9}.Release|Any CPU.ActiveCfg = Release|Any CPU
		{D7CB6702-F7DE-6920-5C6A-6511FB9F51C9}.Release|Any CPU.Build.0 = Release|Any CPU
		{F1D1D224-4EF8-2D7A-D1F7-0E03DBD15EAA}.Debug|Any CPU.ActiveCfg = Debug|Any CPU
		{F1D1D224-4EF8-2D7A-D1F7-0E03DBD15EAA}.Debug|Any CPU.Build.0 = Debug|Any CPU
		{F1D1D224-4EF8-2D7A-D1F7-0E03DBD15EAA}.Release|Any CPU.ActiveCfg = Release|Any CPU
		{F1D1D224-4EF8-2D7A-D1F7-0E03DBD15EAA}.Release|Any CPU.Build.0 = Release|Any CPU
		{651440FF-D4C3-EE7A-20DD-7C5B46FCAF23}.Debug|Any CPU.ActiveCfg = Debug|Any CPU
		{651440FF-D4C3-EE7A-20DD-7C5B46FCAF23}.Debug|Any CPU.Build.0 = Debug|Any CPU
		{651440FF-D4C3-EE7A-20DD-7C5B46FCAF23}.Release|Any CPU.ActiveCfg = Release|Any CPU
		{651440FF-D4C3-EE7A-20DD-7C5B46FCAF23}.Release|Any CPU.Build.0 = Release|Any CPU
		{41288F78-1B5F-95A7-AC6A-D05E6B31318B}.Debug|Any CPU.ActiveCfg = Debug|Any CPU
		{41288F78-1B5F-95A7-AC6A-D05E6B31318B}.Debug|Any CPU.Build.0 = Debug|Any CPU
		{41288F78-1B5F-95A7-AC6A-D05E6B31318B}.Release|Any CPU.ActiveCfg = Release|Any CPU
		{41288F78-1B5F-95A7-AC6A-D05E6B31318B}.Release|Any CPU.Build.0 = Release|Any CPU
		{8DCC3F4B-C2E9-6834-62E4-8B3314C25B12}.Debug|Any CPU.ActiveCfg = Debug|Any CPU
		{8DCC3F4B-C2E9-6834-62E4-8B3314C25B12}.Debug|Any CPU.Build.0 = Debug|Any CPU
		{8DCC3F4B-C2E9-6834-62E4-8B3314C25B12}.Release|Any CPU.ActiveCfg = Release|Any CPU
		{8DCC3F4B-C2E9-6834-62E4-8B3314C25B12}.Release|Any CPU.Build.0 = Release|Any CPU
		{6D4FA811-7C8E-26D2-ADE5-86BB6737E144}.Debug|Any CPU.ActiveCfg = Debug|Any CPU
		{6D4FA811-7C8E-26D2-ADE5-86BB6737E144}.Debug|Any CPU.Build.0 = Debug|Any CPU
		{6D4FA811-7C8E-26D2-ADE5-86BB6737E144}.Release|Any CPU.ActiveCfg = Release|Any CPU
		{6D4FA811-7C8E-26D2-ADE5-86BB6737E144}.Release|Any CPU.Build.0 = Release|Any CPU
		{F11AA694-B171-1A37-532D-17163091148A}.Debug|Any CPU.ActiveCfg = Debug|Any CPU
		{F11AA694-B171-1A37-532D-17163091148A}.Debug|Any CPU.Build.0 = Debug|Any CPU
		{F11AA694-B171-1A37-532D-17163091148A}.Release|Any CPU.ActiveCfg = Release|Any CPU
		{F11AA694-B171-1A37-532D-17163091148A}.Release|Any CPU.Build.0 = Release|Any CPU
	EndGlobalSection
	GlobalSection(SolutionProperties) = preSolution
		HideSolutionNode = FALSE
	EndGlobalSection
EndGlobal
